{
  "name": "easy-node-server",
  "version": "1.0.0",
  "lockfileVersion": 1,
  "requires": true,
  "dependencies": {
    "@types/node": {
      "version": "7.10.14",
      "resolved": "https://registry.nlark.com/@types/node/download/@types/node-7.10.14.tgz?cache=0&sync_timestamp=1624763102752&other_urls=https%3A%2F%2Fregistry.nlark.com%2F%40types%2Fnode%2Fdownload%2F%40types%2Fnode-7.10.14.tgz",
      "integrity": "sha1-BvpzGbgTG5aajaShTEh+byirrPc=",
      "dev": true
    },
    "clean-css": {
      "version": "4.2.3",
      "resolved": "https://registry.nlark.com/clean-css/download/clean-css-4.2.3.tgz",
      "integrity": "sha1-UHtd59l7SO5T2ErbAWD/YhY4D3g=",
      "dev": true,
      "requires": {
        "source-map": "~0.6.0"
      }
    },
    "commander": {
      "version": "2.20.3",
      "resolved": "https://registry.nlark.com/commander/download/commander-2.20.3.tgz?cache=0&sync_timestamp=1624609522502&other_urls=https%3A%2F%2Fregistry.nlark.com%2Fcommander%2Fdownload%2Fcommander-2.20.3.tgz",
      "integrity": "sha1-/UhehMA+tIgcIHIrpIA16FMa6zM="
    },
    "lodash": {
      "version": "4.17.21",
      "resolved": "https://registry.npm.taobao.org/lodash/download/lodash-4.17.21.tgz",
      "integrity": "sha1-Z5WRxWTDv/quhFTPCz3zcMPWkRw="
    },
    "mime": {
      "version": "2.5.2",
      "resolved": "https://registry.npm.taobao.org/mime/download/mime-2.5.2.tgz",
      "integrity": "sha1-bj3GzCuVEGQ4MOXxnVy3U9pe6r4="
    },
    "source-map": {
      "version": "0.6.1",
      "resolved": "https://registry.npm.taobao.org/source-map/download/source-map-0.6.1.tgz",
      "integrity": "sha1-dHIq8y6WFOnCh6jQu95IteLxomM=",
      "dev": true
    },
    "uglify-es": {
      "version": "3.3.9",
      "resolved": "https://registry.nlark.com/uglify-es/download/uglify-es-3.3.9.tgz",
      "integrity": "sha1-DBxPBwC+2NvBJM2zBNJZLKID5nc=",
      "dev": true,
      "requires": {
        "commander": "~2.13.0",
        "source-map": "~0.6.1"
      },
      "dependencies": {
        "commander": {
          "version": "2.13.0",
          "resolved": "https://registry.nlark.com/commander/download/commander-2.13.0.tgz?cache=0&sync_timestamp=1624609522502&other_urls=https%3A%2F%2Fregistry.nlark.com%2Fcommander%2Fdownload%2Fcommander-2.13.0.tgz",
          "integrity": "sha1-aWS8pnaF33wfFDDFhPB9dZeIW5w=",
          "dev": true
        }
      }
    },
    "uglify-js": {
      "version": "3.13.10",
      "resolved": "https://registry.nlark.com/uglify-js/download/uglify-js-3.13.10.tgz?cache=0&sync_timestamp=1624812453834&other_urls=https%3A%2F%2Fregistry.nlark.com%2Fuglify-js%2Fdownload%2Fuglify-js-3.13.10.tgz",
      "integrity": "sha1-pr0NKNOPWSw622sYDqbgfh5UCo0=",
      "dev": true
    }
  }
}
